version = 1
revision = 3
requires-python = "==3.12.13"

[manifest]
members = [
    "prediction-engine",
    "trading-bot-python-workspace",
    "trading-common-python",
]

[[package]]
name = "aiokafka"
version = "0.14.0"
source = { registry = "https://pypi.org/simple" }
dependencies = [
    { name = "async-timeout" },
    { name = "packaging" },
    { name = "typing-extensions" },
]
sdist = { url = "https://files.pythonhosted.org/packages/89/5f/dfc1180fd22d1acdc91949ec36e97199c43742dacb057cb8efed3679ed04/aiokafka-0.14.0.tar.gz", hash = "sha256:8ffdc945798ba4d3d132b705d4244d0a1f493925efb57c637a2ca88ee82794e1", size = 601374, upload-time = "2026-04-29T10:43:03.574Z" }
wheels = [
    { url = "https://files.pythonhosted.org/packages/f9/9d/3441db94829f9feb802a2f4052df61c0d1a01272accd174c351d7e9e1f6a/aiokafka-0.14.0-cp312-cp312-macosx_10_13_x86_64.whl", hash = "sha256:284a90d617584d7e42688a181aaa8c2a909d9c658ab9b69c6cf92f4df5c4b320", size = 348458, upload-time = "2026-04-29T10:42:37.243Z" },
    { url = "https://files.pythonhosted.org/packages/a4/10/7297589aac95654596af13301b31da2c9502c80e7e308530ee7a9bd5b9f1/aiokafka-0.14.0-cp312-cp312-macosx_11_0_arm64.whl", hash = "sha256:b4f211d9e03a1fc83871a37eefcf307bc0943ee99adae25aa39bd1722e70747b", size = 351057, upload-time = "2026-04-29T10:42:38.69Z" },
    { url = "https://files.pythonhosted.org/packages/26/4e/5c0aa8db717fff0ffb8f3e16deece8f98ded6ca17c6a543b6b20cc9a7f84/aiokafka-0.14.0-cp312-cp312-manylinux2014_aarch64.manylinux_2_17_aarch64.manylinux_2_28_aarch64.whl", hash = "sha256:be517b9b9513eba43ba19961dd770a6e26d08325743093feb47182770d235dd9", size = 1142238, upload-time = "2026-04-29T10:42:39.96Z" },
    { url = "https://files.pythonhosted.org/packages/88/78/322f797b9593a4cc8afd647342fa66b9ad732ee55098e5e084188c6202aa/aiokafka-0.14.0-cp312-cp312-manylinux2014_x86_64.manylinux_2_17_x86_64.manylinux_2_28_x86_64.whl", hash = "sha256:219d2dc66b97b1aaea100697c928024b6a0348b7baa370b824900054bf86916e", size = 1131567, upload-time = "2026-04-29T10:42:41.542Z" },
    { url = "https://files.pythonhosted.org/packages/8d/0a/a45320778385142299a7fc3ae402152ec1f383537130b8aa8e8587742fad/aiokafka-0.14.0-cp312-cp312-win32.whl", hash = "sha256:1086b470f6c452471603a2d9c8d6933739230c75758d777d8d113ff8112bad68", size = 312160, upload-time = "2026-04-29T10:42:42.811Z" },
    { url = "https://files.pythonhosted.org/packages/a3/fb/7802a0ed69200e3e8e8791df06bd6daf9b00523839d045662de4ff061b18/aiokafka-0.14.0-cp312-cp312-win_amd64.whl", hash = "sha256:bcf3a8f6592d73f45965ca0750bfdfccf2555c8625358175c92f75f2cce1261a", size = 331897, upload-time = "2026-04-29T10:42:43.984Z" },
]

[[package]]
name = "async-timeout"
version = "5.0.1"
source = { registry = "https://pypi.org/simple" }
sdist = { url = "https://files.pythonhosted.org/packages/a5/ae/136395dfbfe00dfc94da3f3e136d0b13f394cba8f4841120e34226265780/async_timeout-5.0.1.tar.gz", hash = "sha256:d9321a7a3d5a6a5e187e824d2fa0793ce379a202935782d555d6e9d2735677d3", size = 9274, upload-time = "2024-11-06T16:41:39.6Z" }
wheels = [
    { url = "https://files.pythonhosted.org/packages/fe/ba/e2081de779ca30d473f21f5b30e0e737c438205440784c7dfc81efc2b029/async_timeout-5.0.1-py3-none-any.whl", hash = "sha256:39e3809566ff85354557ec2398b55e096c8364bacac9405a7a1fa429e77fe76c", size = 6233, upload-time = "2024-11-06T16:41:37.9Z" },
]

[[package]]
name = "colorama"
version = "0.4.6"
source = { registry = "https://pypi.org/simple" }
sdist = { url = "https://files.pythonhosted.org/packages/d8/53/6f443c9a4a8358a93a6792e2acffb9d9d5cb0a5cfd8802644b7b1c9a02e4/colorama-0.4.6.tar.gz", hash = "sha256:08695f5cb7ed6e0531a20572697297273c47b8cae5a63ffc6d6ed5c201be6e44", size = 27697, upload-time = "2022-10-25T02:36:22.414Z" }
wheels = [
    { url = "https://files.pythonhosted.org/packages/d1/d6/3965ed04c63042e047cb6a3e6ed1a63a35087b6a609aa3a15ed8ac56c221/colorama-0.4.6-py2.py3-none-any.whl", hash = "sha256:4f1d9991f5acc0ca119f9d443620b77f9d6b33703e51011c16baf57afb285fc6", size = 25335, upload-time = "2022-10-25T02:36:20.889Z" },
]

[[package]]
name = "grpcio"
version = "1.80.0"
source = { registry = "https://pypi.org/simple" }
dependencies = [
    { name = "typing-extensions" },
]
sdist = { url = "https://files.pythonhosted.org/packages/b7/48/af6173dbca4454f4637a4678b67f52ca7e0c1ed7d5894d89d434fecede05/grpcio-1.80.0.tar.gz", hash = "sha256:29aca15edd0688c22ba01d7cc01cb000d72b2033f4a3c72a81a19b56fd143257", size = 12978905, upload-time = "2026-03-30T08:49:10.502Z" }
wheels = [
    { url = "https://files.pythonhosted.org/packages/5c/e8/a2b749265eb3415abc94f2e619bbd9e9707bebdda787e61c593004ec927a/grpcio-1.80.0-cp312-cp312-linux_armv7l.whl", hash = "sha256:c624cc9f1008361014378c9d776de7182b11fe8b2e5a81bc69f23a295f2a1ad0", size = 6015616, upload-time = "2026-03-30T08:47:13.428Z" },
    { url = "https://files.pythonhosted.org/packages/3e/97/b1282161a15d699d1e90c360df18d19165a045ce1c343c7f313f5e8a0b77/grpcio-1.80.0-cp312-cp312-macosx_11_0_universal2.whl", hash = "sha256:f49eddcac43c3bf350c0385366a58f36bed8cc2c0ec35ef7b74b49e56552c0c2", size = 12014204, upload-time = "2026-03-30T08:47:15.873Z" },
    { url = "https://files.pythonhosted.org/packages/6e/5e/d319c6e997b50c155ac5a8cb12f5173d5b42677510e886d250d50264949d/grpcio-1.80.0-cp312-cp312-manylinux2014_aarch64.manylinux_2_17_aarch64.whl", hash = "sha256:d334591df610ab94714048e0d5b4f3dd5ad1bee74dfec11eee344220077a79de", size = 6563866, upload-time = "2026-03-30T08:47:18.588Z" },
    { url = "https://files.pythonhosted.org/packages/ae/f6/fdd975a2cb4d78eb67769a7b3b3830970bfa2e919f1decf724ae4445f42c/grpcio-1.80.0-cp312-cp312-manylinux2014_i686.manylinux_2_17_i686.whl", hash = "sha256:0cb517eb1d0d0aaf1d87af7cc5b801d686557c1d88b2619f5e31fab3c2315921", size = 7273060, upload-time = "2026-03-30T08:47:21.113Z" },
    { url = "https://files.pythonhosted.org/packages/db/f0/a3deb5feba60d9538a962913e37bd2e69a195f1c3376a3dd44fe0427e996/grpcio-1.80.0-cp312-cp312-manylinux2014_x86_64.manylinux_2_17_x86_64.whl", hash = "sha256:4e78c4ac0d97dc2e569b2f4bcbbb447491167cb358d1a389fc4af71ab6f70411", size = 6782121, upload-time = "2026-03-30T08:47:23.827Z" },
    { url = "https://files.pythonhosted.org/packages/ca/84/36c6dcfddc093e108141f757c407902a05085e0c328007cb090d56646cdf/grpcio-1.80.0-cp312-cp312-musllinux_1_2_aarch64.whl", hash = "sha256:2ed770b4c06984f3b47eb0517b1c69ad0b84ef3f40128f51448433be904634cd", size = 7383811, upload-time = "2026-03-30T08:47:26.517Z" },
    { url = "https://files.pythonhosted.org/packages/7c/ef/f3a77e3dc5b471a0ec86c564c98d6adfa3510d38f8ee99010410858d591e/grpcio-1.80.0-cp312-cp312-musllinux_1_2_i686.whl", hash = "sha256:256507e2f524092f1473071a05e65a5b10d84b82e3ff24c5b571513cfaa61e2f", size = 8393860, upload-time = "2026-03-30T08:47:29.439Z" },
    { url = "https://files.pythonhosted.org/packages/9b/8d/9d4d27ed7f33d109c50d6b5ce578a9914aa68edab75d65869a17e630a8d1/grpcio-1.80.0-cp312-cp312-musllinux_1_2_x86_64.whl", hash = "sha256:9a6284a5d907c37db53350645567c522be314bac859a64a7a5ca63b77bb7958f", size = 7830132, upload-time = "2026-03-30T08:47:33.254Z" },
    { url = "https://files.pythonhosted.org/packages/14/e4/9990b41c6d7a44e1e9dee8ac11d7a9802ba1378b40d77468a7761d1ad288/grpcio-1.80.0-cp312-cp312-win32.whl", hash = "sha256:c71309cfce2f22be26aa4a847357c502db6c621f1a49825ae98aa0907595b193", size = 4140904, upload-time = "2026-03-30T08:47:35.319Z" },
    { url = "https://files.pythonhosted.org/packages/2f/2c/296f6138caca1f4b92a31ace4ae1b87dab692fc16a7a3417af3bb3c805bf/grpcio-1.80.0-cp312-cp312-win_amd64.whl", hash = "sha256:9fe648599c0e37594c4809d81a9e77bd138cc82eb8baa71b6a86af65426723ff", size = 4880944, upload-time = "2026-03-30T08:47:37.831Z" },
]

[[package]]
name = "grpcio-tools"
version = "1.80.0"
source = { registry = "https://pypi.org/simple" }
dependencies = [
    { name = "grpcio" },
    { name = "protobuf" },
    { name = "setuptools" },
]
sdist = { url = "https://files.pythonhosted.org/packages/94/c8/1223f29c84a143ae9a56c084fc96894de0ba84b6e8d60a26241abd81d278/grpcio_tools-1.80.0.tar.gz", hash = "sha256:26052b19c6ce0dcf52d1024496aea3e2bdfa864159f06dc7b97b22d041a94b26", size = 6133212, upload-time = "2026-03-30T08:52:39.077Z" }
wheels = [
    { url = "https://files.pythonhosted.org/packages/0c/b9/65929df8c9614792db900a8e45d4997fadbd1734c827da3f0eb1f2fe4866/grpcio_tools-1.80.0-cp312-cp312-linux_armv7l.whl", hash = "sha256:d19d5a8244311947b96f749c417b32d144641c6953f1164824579e1f0a51d040", size = 2550856, upload-time = "2026-03-30T08:50:57.3Z" },
    { url = "https://files.pythonhosted.org/packages/28/17/af1557544d68d1aeca9d9ea53ed16524022d521fec6ba334ab3530e9c1a6/grpcio_tools-1.80.0-cp312-cp312-macosx_11_0_universal2.whl", hash = "sha256:fb599a3dc89ed1bb24489a2724b2f6dd4cddbbf0f7bdd69c073477bab0dc7554", size = 5710883, upload-time = "2026-03-30T08:51:00.077Z" },
    { url = "https://files.pythonhosted.org/packages/cc/48/aa9b4f7519ca972bc40d315d5c28f05ca28fa08de13d4e8b69f551b798ab/grpcio_tools-1.80.0-cp312-cp312-manylinux2014_aarch64.manylinux_2_17_aarch64.whl", hash = "sha256:623ee31fc2ff7df9a987b4f3d139c30af17ce46a861ae0e25fb8c112daa32dd8", size = 2598004, upload-time = "2026-03-30T08:51:02.102Z" },
    { url = "https://files.pythonhosted.org/packages/b4/b8/b01371c119924b3beca1fe3f047b1bc2cdc66b3d37f0f3acc9d10c567a43/grpcio_tools-1.80.0-cp312-cp312-manylinux2014_i686.manylinux_2_17_i686.whl", hash = "sha256:b46570a68378539ee2b75a5a43202561f8d753c832798b1047099e3c551cf5d6", size = 2909568, upload-time = "2026-03-30T08:51:04.159Z" },
    { url = "https://files.pythonhosted.org/packages/4f/7c/1108f7bdb58475a7e701ec89b55eb494538b6e76acd211ba0d4cc5fd28e8/grpcio_tools-1.80.0-cp312-cp312-manylinux2014_x86_64.manylinux_2_17_x86_64.whl", hash = "sha256:51caf99c28999e7e0f97e9cea190c1405b7681a57bb2e0631205accd92b43fa4", size = 2660938, upload-time = "2026-03-30T08:51:06.126Z" },
    { url = "https://files.pythonhosted.org/packages/67/59/d1c0063d4cd3b85363c7044ff3e5159d6d5df96e2692a9a5312d9c8cb290/grpcio_tools-1.80.0-cp312-cp312-musllinux_1_2_aarch64.whl", hash = "sha256:cdaa1c9aa8d3a87891a96700cadd29beec214711d6522818d207277f6452567c", size = 3113814, upload-time = "2026-03-30T08:51:08.834Z" },
    { url = "https://files.pythonhosted.org/packages/76/21/18d34a4efe524c903cf66b0cfa5260d81f277b6ae668b647edf795df9ce5/grpcio_tools-1.80.0-cp312-cp312-musllinux_1_2_i686.whl", hash = "sha256:3399b5fd7b59bcffd59c6b9975a969d9f37a3c87f3e3d63c3a09c147907acb0d", size = 3662793, upload-time = "2026-03-30T08:51:11.094Z" },
    { url = "https://files.pythonhosted.org/packages/f3/40/cf2d9295a6bd593244ea703858f8fc2efd315046ca3ef7c6f9ebc5b810fa/grpcio_tools-1.80.0-cp312-cp312-musllinux_1_2_x86_64.whl", hash = "sha256:9c6abc08d3485b2aac99bb58afcd31dc6cd4316ce36cf263ff09cb6df15f287f", size = 3329149, upload-time = "2026-03-30T08:51:13.066Z" },
    { url = "https://files.pythonhosted.org/packages/0d/1d/fc34b32167966df20d69429b71dfca83c48434b047a5ac4fd6cd91ca4eed/grpcio_tools-1.80.0-cp312-cp312-win32.whl", hash = "sha256:18c51e07652ac7386fcdbd11866f8d55a795de073337c12447b5805575339f74", size = 997519, upload-time = "2026-03-30T08:51:14.87Z" },
    { url = "https://files.pythonhosted.org/packages/91/98/6d6563cdf51085b75f8ec24605c6f2ce84197571878ca8ab4af949c6be2d/grpcio_tools-1.80.0-cp312-cp312-win_amd64.whl", hash = "sha256:ac6fdd42d5bb18f0d903a067e2825be172deff70cf197164b6f65676cb506c9b", size = 1162407, upload-time = "2026-03-30T08:51:16.793Z" },
]

[[package]]
name = "iniconfig"
version = "2.3.0"
source = { registry = "https://pypi.org/simple" }
sdist = { url = "https://files.pythonhosted.org/packages/72/34/14ca021ce8e5dfedc35312d08ba8bf51fdd999c576889fc2c24cb97f4f10/iniconfig-2.3.0.tar.gz", hash = "sha256:c76315c77db068650d49c5b56314774a7804df16fee4402c1f19d6d15d8c4730", size = 20503, upload-time = "2025-10-18T21:55:43.219Z" }
wheels = [
    { url = "https://files.pythonhosted.org/packages/cb/b1/3846dd7f199d53cb17f49cba7e651e9ce294d8497c8c150530ed11865bb8/iniconfig-2.3.0-py3-none-any.whl", hash = "sha256:f631c04d2c48c52b84d0d0549c99ff3859c98df65b3101406327ecc7d53fbf12", size = 7484, upload-time = "2025-10-18T21:55:41.639Z" },
]

[[package]]
name = "librt"
version = "0.11.0"
source = { registry = "https://pypi.org/simple" }
sdist = { url = "https://files.pythonhosted.org/packages/40/08/9e7f6b5d2b5bed6ad055cdd5925f192bb403a51280f86b56554d9d0699a2/librt-0.11.0.tar.gz", hash = "sha256:075dc3ef4458a278e0195cbf6ac9d38808d9b906c5a6c7f7f79c3888276a3fb1", size = 200139, upload-time = "2026-05-10T18:17:25.138Z" }
wheels = [
    { url = "https://files.pythonhosted.org/packages/8b/d0/07c77e067f0838949b43bd89232c29d72efebb9d2801a9750184eb706b71/librt-0.11.0-cp312-cp312-macosx_10_13_x86_64.whl", hash = "sha256:b87504f1690a23b9a2cca841191a04f83895d4fc2dd04df91d82b1a04ca2ad46", size = 144147, upload-time = "2026-05-10T18:15:53.227Z" },
    { url = "https://files.pythonhosted.org/packages/7a/24/8493538fa4f62f982686398a5b8f68008138a75086abdea19ade64bf4255/librt-0.11.0-cp312-cp312-macosx_11_0_arm64.whl", hash = "sha256:40071fc5fe0ce8daa6de616702314a01e1250711682b0523d6ab8d4525910cb3", size = 143614, upload-time = "2026-05-10T18:15:54.657Z" },
    { url = "https://files.pythonhosted.org/packages/ff/1e/f8bad050810d9171f34a1648ed910e56814c2ba61639f2bd53c6377ae24b/librt-0.11.0-cp312-cp312-manylinux2014_aarch64.manylinux_2_17_aarch64.manylinux_2_28_aarch64.whl", hash = "sha256:137e79445c896a0ea7b265f52d23954e05b64222ee1af69e2cb34219067cbb67", size = 485538, upload-time = "2026-05-10T18:15:56.117Z" },
    { url = "https://files.pythonhosted.org/packages/c0/fe/3594ebfbaf03084ba4b120c9ba5c3183fd938a48725e9bbe6ff0a5159ad8/librt-0.11.0-cp312-cp312-manylinux2014_i686.manylinux_2_17_i686.manylinux_2_28_i686.whl", hash = "sha256:cca6644054e78746d8d4ef238681f9c34ff8b584fe6b988ecebb8db3b15e622a", size = 479623, upload-time = "2026-05-10T18:15:57.544Z" },
    { url = "https://files.pythonhosted.org/packages/b0/da/5d1876984b3746c85dbd219dbfcb73c85f54ee263fd32e5b2a632ec14571/librt-0.11.0-cp312-cp312-manylinux2014_x86_64.manylinux_2_17_x86_64.manylinux_2_28_x86_64.whl", hash = "sha256:d5b0eea49f5562861ee8d757a32ef7d559c1d35be2aaaa1ec28941d74c9ffc8a", size = 513082, upload-time = "2026-05-10T18:15:58.805Z" },
    { url = "https://files.pythonhosted.org/packages/19/6e/55bdf5d5ca00c3e18430690bf2c953d8d3ffd3c337418173d33dec985dc9/librt-0.11.0-cp312-cp312-manylinux_2_34_riscv64.manylinux_2_39_riscv64.whl", hash = "sha256:0d1029d7e1ae1a7e647ed6fb5df8c4ce2dffefb7a9f5fd1376a4554d96dac09f", size = 508105, upload-time = "2026-05-10T18:16:00.2Z" },
    { url = "https://files.pythonhosted.org/packages/07/10/f1f23a7c595ee90ece4d35c851e5d104b1311a887ed1b4ac4c35bbd13da8/librt-0.11.0-cp312-cp312-musllinux_1_2_aarch64.whl", hash = "sha256:bc3ce6b33c5828d9e80592011a5c584cb2ce86edbc4088405f70da47dc1d1b3b", size = 522268, upload-time = "2026-05-10T18:16:01.708Z" },
    { url = "https://files.pythonhosted.org/packages/b6/02/5720f5697a7f54b78b3aefbe20df3a48cedcff1276618c4aa481177942ed/librt-0.11.0-cp312-cp312-musllinux_1_2_i686.whl", hash = "sha256:936c5995f3514a42111f20099397d8177c79b4d7e70961e396c6f5a0a3566766", size = 527348, upload-time = "2026-05-10T18:16:03.496Z" },
    { url = "https://files.pythonhosted.org/packages/50/db/b4a47c6f91db4ff76348a0b3dd0cc65e090a078b765a810a62ff9434c3d3/librt-0.11.0-cp312-cp312-musllinux_1_2_riscv64.whl", hash = "sha256:9bc0ca6ad9381cbe8e4aa6e5726e4c80c78115a6e9723c599ed1d73e092bc49d", size = 516294, upload-time = "2026-05-10T18:16:05.173Z" },
    { url = "https://files.pythonhosted.org/packages/9e/58/9384b2f4eb1ed1d273d40948a7c5c4b2360213b402ef3be4641c06299f9c/librt-0.11.0-cp312-cp312-musllinux_1_2_x86_64.whl", hash = "sha256:070aa8c26c0a74774317a72df8851facc7f0f012a5b406557ac56992d92e1ec8", size = 553608, upload-time = "2026-05-10T18:16:06.839Z" },
    { url = "https://files.pythonhosted.org/packages/21/7b/5aa8848a7c6a9278c79375146da1812e695754ceec5f005e6043461a7315/librt-0.11.0-cp312-cp312-win32.whl", hash = "sha256:6bf14feb84b05ae945277395451998c89c54d0def4070eb5c08de544930b245a", size = 101879, upload-time = "2026-05-10T18:16:08.103Z" },
    { url = "https://files.pythonhosted.org/packages/37/33/8a745436944947575b584231750a41417de1a38cf6a2e9251d1065651c09/librt-0.11.0-cp312-cp312-win_amd64.whl", hash = "sha256:75672f0bc524ede266287d532d7923dbce94c7514ad07627bac3d0c6d92cc4d9", size = 119831, upload-time = "2026-05-10T18:16:09.174Z" },
    { url = "https://files.pythonhosted.org/packages/59/67/a6739ac96e28b7855808bdb0370e250606104a859750d209e5a0716fe7ab/librt-0.11.0-cp312-cp312-win_arm64.whl", hash = "sha256:2f10cf143e4a9bb0f4f5af568a00df94a2d69ef41c2579584454bb0fe5cc642c", size = 103470, upload-time = "2026-05-10T18:16:10.369Z" },
]

[[package]]
name = "mypy"
version = "1.20.2"
source = { registry = "https://pypi.org/simple" }
dependencies = [
    { name = "librt", marker = "platform_python_implementation != 'PyPy'" },
    { name = "mypy-extensions" },
    { name = "pathspec" },
    { name = "typing-extensions" },
]
sdist = { url = "https://files.pythonhosted.org/packages/04/af/e3d4b3e9ec91a0ff9aabfdb38692952acf49bbb899c2e4c29acb3a6da3ae/mypy-1.20.2.tar.gz", hash = "sha256:e8222c26daaafd9e8626dec58ae36029f82585890589576f769a650dd20fd665", size = 3817349, upload-time = "2026-04-21T17:12:28.473Z" }
wheels = [
    { url = "https://files.pythonhosted.org/packages/71/4e/7560e4528db9e9b147e4c0f22660466bf30a0a1fe3d63d1b9d3b0fd354ee/mypy-1.20.2-cp312-cp312-macosx_10_13_x86_64.whl", hash = "sha256:4dbfcf869f6b0517f70cf0030ba6ea1d6645e132337a7d5204a18d8d5636c02b", size = 14539393, upload-time = "2026-04-21T17:07:12.52Z" },
    { url = "https://files.pythonhosted.org/packages/32/d9/34a5efed8124f5a9234f55ac6a4ced4201e2c5b81e1109c49ad23190ec8c/mypy-1.20.2-cp312-cp312-macosx_11_0_arm64.whl", hash = "sha256:4b6481b228d072315b053210b01ac320e1be243dc17f9e5887ef167f23f5fae4", size = 13361642, upload-time = "2026-04-21T17:06:53.742Z" },
    { url = "https://files.pythonhosted.org/packages/d1/14/eb377acf78c03c92d566a1510cda8137348215b5335085ef662ab82ecd3a/mypy-1.20.2-cp312-cp312-manylinux2014_aarch64.manylinux_2_17_aarch64.manylinux_2_28_aarch64.whl", hash = "sha256:34397cdced6b90b836e38182076049fdb41424322e0b0728c946b0939ebdf9f6", size = 13740347, upload-time = "2026-04-21T17:12:04.73Z" },
    { url = "https://files.pythonhosted.org/packages/b9/94/7e4634a32b641aa1c112422eed1bbece61ee16205f674190e8b536f884de/mypy-1.20.2-cp312-cp312-manylinux2014_x86_64.manylinux_2_17_x86_64.manylinux_2_28_x86_64.whl", hash = "sha256:a5da6976f20cae27059ea8d0c86e7cef3de720e04c4bb9ee18e3690fdb792066", size = 14734042, upload-time = "2026-04-21T17:07:43.16Z" },
    { url = "https://files.pythonhosted.org/packages/7a/f3/f7e62395cb7f434541b4491a01149a4439e28ace4c0c632bbf5431e92d1f/mypy-1.20.2-cp312-cp312-musllinux_1_2_x86_64.whl", hash = "sha256:56908d7e08318d39f85b1f0c6cfd47b0cac1a130da677630dac0de3e0623e102", size = 14964958, upload-time = "2026-04-21T17:11:00.665Z" },
    { url = "https://files.pythonhosted.org/packages/3e/0d/47e3c3a0ec2a876e35aeac365df3cac7776c36bbd4ed18cc521e1b9d255b/mypy-1.20.2-cp312-cp312-win_amd64.whl", hash = "sha256:d52ad8d78522da1d308789df651ee5379088e77c76cb1994858d40a426b343b9", size = 10911340, upload-time = "2026-04-21T17:10:49.179Z" },
    { url = "https://files.pythonhosted.org/packages/d6/b2/6c852d72e0ea8b01f49da817fb52539993cde327e7d010e0103dc12d0dac/mypy-1.20.2-cp312-cp312-win_arm64.whl", hash = "sha256:785b08db19c9f214dc37d65f7c165d19a30fcecb48abfa30f31b01b5acaabb58", size = 9833947, upload-time = "2026-04-21T17:09:05.267Z" },
    { url = "https://files.pythonhosted.org/packages/28/9a/f23c163e25b11074188251b0b5a0342625fc1cdb6af604757174fa9acc9b/mypy-1.20.2-py3-none-any.whl", hash = "sha256:a94c5a76ab46c5e6257c7972b6c8cff0574201ca7dc05647e33e795d78680563", size = 2637314, upload-time = "2026-04-21T17:05:54.5Z" },
]

[[package]]
name = "mypy-extensions"
version = "1.1.0"
source = { registry = "https://pypi.org/simple" }
sdist = { url = "https://files.pythonhosted.org/packages/a2/6e/371856a3fb9d31ca8dac321cda606860fa4548858c0cc45d9d1d4ca2628b/mypy_extensions-1.1.0.tar.gz", hash = "sha256:52e68efc3284861e772bbcd66823fde5ae21fd2fdb51c62a211403730b916558", size = 6343, upload-time = "2025-04-22T14:54:24.164Z" }
wheels = [
    { url = "https://files.pythonhosted.org/packages/79/7b/2c79738432f5c924bef5071f933bcc9efd0473bac3b4aa584a6f7c1c8df8/mypy_extensions-1.1.0-py3-none-any.whl", hash = "sha256:1be4cccdb0f2482337c4743e60421de3a356cd97508abadd57d47403e94f5505", size = 4963, upload-time = "2025-04-22T14:54:22.983Z" },
]

[[package]]
name = "packaging"
version = "26.2"
source = { registry = "https://pypi.org/simple" }
sdist = { url = "https://files.pythonhosted.org/packages/d7/f1/e7a6dd94a8d4a5626c03e4e99c87f241ba9e350cd9e6d75123f992427270/packaging-26.2.tar.gz", hash = "sha256:ff452ff5a3e828ce110190feff1178bb1f2ea2281fa2075aadb987c2fb221661", size = 228134, upload-time = "2026-04-24T20:15:23.917Z" }
wheels = [
    { url = "https://files.pythonhosted.org/packages/df/b2/87e62e8c3e2f4b32e5fe99e0b86d576da1312593b39f47d8ceef365e95ed/packaging-26.2-py3-none-any.whl", hash = "sha256:5fc45236b9446107ff2415ce77c807cee2862cb6fac22b8a73826d0693b0980e", size = 100195, upload-time = "2026-04-24T20:15:22.081Z" },
]

[[package]]
name = "pathspec"
version = "1.1.1"
source = { registry = "https://pypi.org/simple" }
sdist = { url = "https://files.pythonhosted.org/packages/5a/82/42f767fc1c1143d6fd36efb827202a2d997a375e160a71eb2888a925aac1/pathspec-1.1.1.tar.gz", hash = "sha256:17db5ecd524104a120e173814c90367a96a98d07c45b2e10c2f3919fff91bf5a", size = 135180, upload-time = "2026-04-27T01:46:08.907Z" }
wheels = [
    { url = "https://files.pythonhosted.org/packages/f1/d9/7fb5aa316bc299258e68c73ba3bddbc499654a07f151cba08f6153988714/pathspec-1.1.1-py3-none-any.whl", hash = "sha256:a00ce642f577bf7f473932318056212bc4f8bfdf53128c78bbd5af0b9b20b189", size = 57328, upload-time = "2026-04-27T01:46:07.06Z" },
]

[[package]]
name = "pluggy"
version = "1.6.0"
source = { registry = "https://pypi.org/simple" }
sdist = { url = "https://files.pythonhosted.org/packages/f9/e2/3e91f31a7d2b083fe6ef3fa267035b518369d9511ffab804f839851d2779/pluggy-1.6.0.tar.gz", hash = "sha256:7dcc130b76258d33b90f61b658791dede3486c3e6bfb003ee5c9bfb396dd22f3", size = 69412, upload-time = "2025-05-15T12:30:07.975Z" }
wheels = [
    { url = "https://files.pythonhosted.org/packages/54/20/4d324d65cc6d9205fabedc306948156824eb9f0ee1633355a8f7ec5c66bf/pluggy-1.6.0-py3-none-any.whl", hash = "sha256:e920276dd6813095e9377c0bc5566d94c932c33b27a3e3945d8389c374dd4746", size = 20538, upload-time = "2025-05-15T12:30:06.134Z" },
]

[[package]]
name = "prediction-engine"
version = "0.1.0"
source = { editable = "apps/prediction-engine" }
dependencies = [
    { name = "aiokafka" },
    { name = "grpcio" },
    { name = "prometheus-client" },
    { name = "python-dotenv" },
    { name = "redis" },
    { name = "trading-common-python" },
]

[package.dev-dependencies]
dev = [
    { name = "mypy" },
    { name = "pytest" },
    { name = "pytest-asyncio" },
    { name = "ruff" },
]

[package.metadata]
requires-dist = [
    { name = "aiokafka", specifier = "==0.14.0" },
    { name = "grpcio", specifier = "==1.80.0" },
    { name = "prometheus-client", specifier = "==0.23.1" },
    { name = "python-dotenv", specifier = "==1.2.2" },
    { name = "redis", specifier = "==7.4.0" },
    { name = "trading-common-python", editable = "libs/common-python" },
]

[package.metadata.requires-dev]
dev = [
    { name = "mypy", specifier = "==1.20.2" },
    { name = "pytest", specifier = "==9.0.3" },
    { name = "pytest-asyncio", specifier = "==1.3.0" },
    { name = "ruff", specifier = "==0.15.14" },
]

[[package]]
name = "prometheus-client"
version = "0.23.1"
source = { registry = "https://pypi.org/simple" }
sdist = { url = "https://files.pythonhosted.org/packages/23/53/3edb5d68ecf6b38fcbcc1ad28391117d2a322d9a1a3eff04bfdb184d8c3b/prometheus_client-0.23.1.tar.gz", hash = "sha256:6ae8f9081eaaaf153a2e959d2e6c4f4fb57b12ef76c8c7980202f1e57b48b2ce", size = 80481, upload-time = "2025-09-18T20:47:25.043Z" }
wheels = [
    { url = "https://files.pythonhosted.org/packages/b8/db/14bafcb4af2139e046d03fd00dea7873e48eafe18b7d2797e73d6681f210/prometheus_client-0.23.1-py3-none-any.whl", hash = "sha256:dd1913e6e76b59cfe44e7a4b83e01afc9873c1bdfd2ed8739f1e76aeca115f99", size = 61145, upload-time = "2025-09-18T20:47:23.875Z" },
]

[[package]]
name = "protobuf"
version = "6.33.6"
source = { registry = "https://pypi.org/simple" }
sdist = { url = "https://files.pythonhosted.org/packages/66/70/e908e9c5e52ef7c3a6c7902c9dfbb34c7e29c25d2f81ade3856445fd5c94/protobuf-6.33.6.tar.gz", hash = "sha256:a6768d25248312c297558af96a9f9c929e8c4cee0659cb07e780731095f38135", size = 444531, upload-time = "2026-03-18T19:05:00.988Z" }
wheels = [
    { url = "https://files.pythonhosted.org/packages/fc/9f/2f509339e89cfa6f6a4c4ff50438db9ca488dec341f7e454adad60150b00/protobuf-6.33.6-cp310-abi3-win32.whl", hash = "sha256:7d29d9b65f8afef196f8334e80d6bc1d5d4adedb449971fefd3723824e6e77d3", size = 425739, upload-time = "2026-03-18T19:04:48.373Z" },
    { url = "https://files.pythonhosted.org/packages/76/5d/683efcd4798e0030c1bab27374fd13a89f7c2515fb1f3123efdfaa5eab57/protobuf-6.33.6-cp310-abi3-win_amd64.whl", hash = "sha256:0cd27b587afca21b7cfa59a74dcbd48a50f0a6400cfb59391340ad729d91d326", size = 437089, upload-time = "2026-03-18T19:04:50.381Z" },
    { url = "https://files.pythonhosted.org/packages/5c/01/a3c3ed5cd186f39e7880f8303cc51385a198a81469d53d0fdecf1f64d929/protobuf-6.33.6-cp39-abi3-macosx_10_9_universal2.whl", hash = "sha256:9720e6961b251bde64edfdab7d500725a2af5280f3f4c87e57c0208376aa8c3a", size = 427737, upload-time = "2026-03-18T19:04:51.866Z" },
    { url = "https://files.pythonhosted.org/packages/ee/90/b3c01fdec7d2f627b3a6884243ba328c1217ed2d978def5c12dc50d328a3/protobuf-6.33.6-cp39-abi3-manylinux2014_aarch64.whl", hash = "sha256:e2afbae9b8e1825e3529f88d514754e094278bb95eadc0e199751cdd9a2e82a2", size = 324610, upload-time = "2026-03-18T19:04:53.096Z" },
    { url = "https://files.pythonhosted.org/packages/9b/ca/25afc144934014700c52e05103c2421997482d561f3101ff352e1292fb81/protobuf-6.33.6-cp39-abi3-manylinux2014_s390x.whl", hash = "sha256:c96c37eec15086b79762ed265d59ab204dabc53056e3443e702d2681f4b39ce3", size = 339381, upload-time = "2026-03-18T19:04:54.616Z" },
    { url = "https://files.pythonhosted.org/packages/16/92/d1e32e3e0d894fe00b15ce28ad4944ab692713f2e7f0a99787405e43533a/protobuf-6.33.6-cp39-abi3-manylinux2014_x86_64.whl", hash = "sha256:e9db7e292e0ab79dd108d7f1a94fe31601ce1ee3f7b79e0692043423020b0593", size = 323436, upload-time = "2026-03-18T19:04:55.768Z" },
    { url = "https://files.pythonhosted.org/packages/c4/72/02445137af02769918a93807b2b7890047c32bfb9f90371cbc12688819eb/protobuf-6.33.6-py3-none-any.whl", hash = "sha256:77179e006c476e69bf8e8ce866640091ec42e1beb80b213c3900006ecfba6901", size = 170656, upload-time = "2026-03-18T19:04:59.826Z" },
]

[[package]]
name = "pygments"
version = "2.20.0"
source = { registry = "https://pypi.org/simple" }
sdist = { url = "https://files.pythonhosted.org/packages/c3/b2/bc9c9196916376152d655522fdcebac55e66de6603a76a02bca1b6414f6c/pygments-2.20.0.tar.gz", hash = "sha256:6757cd03768053ff99f3039c1a36d6c0aa0b263438fcab17520b30a303a82b5f", size = 4955991, upload-time = "2026-03-29T13:29:33.898Z" }
wheels = [
    { url = "https://files.pythonhosted.org/packages/f4/7e/a72dd26f3b0f4f2bf1dd8923c85f7ceb43172af56d63c7383eb62b332364/pygments-2.20.0-py3-none-any.whl", hash = "sha256:81a9e26dd42fd28a23a2d169d86d7ac03b46e2f8b59ed4698fb4785f946d0176", size = 1231151, upload-time = "2026-03-29T13:29:30.038Z" },
]

[[package]]
name = "pytest"
version = "9.0.3"
source = { registry = "https://pypi.org/simple" }
dependencies = [
    { name = "colorama", marker = "sys_platform == 'win32'" },
    { name = "iniconfig" },
    { name = "packaging" },
    { name = "pluggy" },
    { name = "pygments" },
]
sdist = { url = "https://files.pythonhosted.org/packages/7d/0d/549bd94f1a0a402dc8cf64563a117c0f3765662e2e668477624baeec44d5/pytest-9.0.3.tar.gz", hash = "sha256:b86ada508af81d19edeb213c681b1d48246c1a91d304c6c81a427674c17eb91c", size = 1572165, upload-time = "2026-04-07T17:16:18.027Z" }
wheels = [
    { url = "https://files.pythonhosted.org/packages/d4/24/a372aaf5c9b7208e7112038812994107bc65a84cd00e0354a88c2c77a617/pytest-9.0.3-py3-none-any.whl", hash = "sha256:2c5efc453d45394fdd706ade797c0a81091eccd1d6e4bccfcd476e2b8e0ab5d9", size = 375249, upload-time = "2026-04-07T17:16:16.13Z" },
]

[[package]]
name = "pytest-asyncio"
version = "1.3.0"
source = { registry = "https://pypi.org/simple" }
dependencies = [
    { name = "pytest" },
    { name = "typing-extensions" },
]
sdist = { url = "https://files.pythonhosted.org/packages/90/2c/8af215c0f776415f3590cac4f9086ccefd6fd463befeae41cd4d3f193e5a/pytest_asyncio-1.3.0.tar.gz", hash = "sha256:d7f52f36d231b80ee124cd216ffb19369aa168fc10095013c6b014a34d3ee9e5", size = 50087, upload-time = "2025-11-10T16:07:47.256Z" }
wheels = [
    { url = "https://files.pythonhosted.org/packages/e5/35/f8b19922b6a25bc0880171a2f1a003eaeb93657475193ab516fd87cac9da/pytest_asyncio-1.3.0-py3-none-any.whl", hash = "sha256:611e26147c7f77640e6d0a92a38ed17c3e9848063698d5c93d5aa7aa11cebff5", size = 15075, upload-time = "2025-11-10T16:07:45.537Z" },
]

[[package]]
name = "python-dotenv"
version = "1.2.2"
source = { registry = "https://pypi.org/simple" }
sdist = { url = "https://files.pythonhosted.org/packages/82/ed/0301aeeac3e5353ef3d94b6ec08bbcabd04a72018415dcb29e588514bba8/python_dotenv-1.2.2.tar.gz", hash = "sha256:2c371a91fbd7ba082c2c1dc1f8bf89ca22564a087c2c287cd9b662adde799cf3", size = 50135, upload-time = "2026-03-01T16:00:26.196Z" }
wheels = [
    { url = "https://files.pythonhosted.org/packages/0b/d7/1959b9648791274998a9c3526f6d0ec8fd2233e4d4acce81bbae76b44b2a/python_dotenv-1.2.2-py3-none-any.whl", hash = "sha256:1d8214789a24de455a8b8bd8ae6fe3c6b69a5e3d64aa8a8e5d68e694bbcb285a", size = 22101, upload-time = "2026-03-01T16:00:25.09Z" },
]

[[package]]
name = "redis"
version = "7.4.0"
source = { registry = "https://pypi.org/simple" }
sdist = { url = "https://files.pythonhosted.org/packages/7b/7f/3759b1d0d72b7c92f0d70ffd9dc962b7b7b5ee74e135f9d7d8ab06b8a318/redis-7.4.0.tar.gz", hash = "sha256:64a6ea7bf567ad43c964d2c30d82853f8df927c5c9017766c55a1d1ed95d18ad", size = 4943913, upload-time = "2026-03-24T09:14:37.53Z" }
wheels = [
    { url = "https://files.pythonhosted.org/packages/74/3a/95deec7db1eb53979973ebd156f3369a72732208d1391cd2e5d127062a32/redis-7.4.0-py3-none-any.whl", hash = "sha256:a9c74a5c893a5ef8455a5adb793a31bb70feb821c86eccb62eebef5a19c429ec", size = 409772, upload-time = "2026-03-24T09:14:35.968Z" },
]

[[package]]
name = "ruff"
version = "0.15.14"
source = { registry = "https://pypi.org/simple" }
sdist = { url = "https://files.pythonhosted.org/packages/dc/8a/8bce2894573e9dae6ff4d77fe34ad727d79b9e6238ad288c5638990d90f6/ruff-0.15.14.tar.gz", hash = "sha256:48e866b165be4a9bdbf310f7d3c9a07edef2fe8cd63ffeb4e00bb590506ebf9f", size = 4700910, upload-time = "2026-05-21T14:34:55.177Z" }
wheels = [
    { url = "https://files.pythonhosted.org/packages/b9/c8/74a92c6ff9fcfb4f1f947126d3ebee8389276e161ecc85de5bda7cda51bd/ruff-0.15.14-py3-none-linux_armv6l.whl", hash = "sha256:8dd2db9416e487c8d4b01fa7056bb02c4d05969d4f8d17a08c229c2f4ff3c108", size = 10739177, upload-time = "2026-05-21T14:34:37.332Z" },
    { url = "https://files.pythonhosted.org/packages/45/91/254a35c20acc38a7223c9d2d594af12e794432464f2cdeb52af1dc4a892d/ruff-0.15.14-py3-none-macosx_10_12_x86_64.whl", hash = "sha256:be4ff55af755bd71a00ab3dc6bd7ffc467bd76e0df6881e286c2e3d23e8fb43b", size = 11144969, upload-time = "2026-05-21T14:34:43.978Z" },
    { url = "https://files.pythonhosted.org/packages/56/9e/d13e40f83b8d0a94430e6778ce1d94a43b38cf2efe63278bdd2b4c65abbf/ruff-0.15.14-py3-none-macosx_11_0_arm64.whl", hash = "sha256:48d5909d7d06276ce7dde6d32bfa4b0d4cb2651145cd8ee4b440722cbc77832f", size = 10478207, upload-time = "2026-05-21T14:34:48.378Z" },
    { url = "https://files.pythonhosted.org/packages/8d/f1/b15a7839fa4f332f8acec78e20564f26bb2d866e3d21710b877fd0263000/ruff-0.15.14-py3-none-manylinux_2_17_aarch64.manylinux2014_aarch64.whl", hash = "sha256:ca8cbfa94c4f90984a67561978602746d4cd27103568f745fa90eee3f0d4107d", size = 10818459, upload-time = "2026-05-21T14:34:22.318Z" },
    { url = "https://files.pythonhosted.org/packages/45/33/53d651177f84f94b400a0e27f8824eeada3dddc9d5ee8aeb048f4352a520/ruff-0.15.14-py3-none-manylinux_2_17_armv7l.manylinux2014_armv7l.whl", hash = "sha256:9a6bbc0333f1ab053423bcbf6226477d266ca7cec7738c4c8e3f55647803f3c4", size = 10541800, upload-time = "2026-05-21T14:34:20.209Z" },
    { url = "https://files.pythonhosted.org/packages/b8/a6/868f87e0bf9786ed24b5d0d0ad8676b8a94fd1912f42cddf9cfc7857818a/ruff-0.15.14-py3-none-manylinux_2_17_i686.manylinux2014_i686.whl", hash = "sha256:8a24a4f7605d7003a6674d4387651effd939dead3fddd0f36561eb77a9a2e542", size = 11342149, upload-time = "2026-05-21T14:34:46.365Z" },
    { url = "https://files.pythonhosted.org/packages/a7/8b/38cd5c19faffdcc05a408d2b78edccc69492ab9720eadb49ea15ef80d768/ruff-0.15.14-py3-none-manylinux_2_17_ppc64le.manylinux2014_ppc64le.whl", hash = "sha256:049b5326e53ed80978f2fc041a280603f69dd6b0c95464342a2bb4572d9d9e2f", size = 12212563, upload-time = "2026-05-21T14:34:28.579Z" },
    { url = "https://files.pythonhosted.org/packages/3e/4d/a3c5b874a556d5731e3e657aaf04311bb76f0a5c3ec220ed43051be6b64b/ruff-0.15.14-py3-none-manylinux_2_17_s390x.manylinux2014_s390x.whl", hash = "sha256:d4ed42e6696c8dfa5f06728e6441993901f548eb92d73bc472cb5a38d1395fbf", size = 11493299, upload-time = "2026-05-21T14:34:41.836Z" },
    { url = "https://files.pythonhosted.org/packages/1e/c0/56472c251d09858a53e51efbd485b09e1995d8731668b76d52e5dd6ee0f1/ruff-0.15.14-py3-none-manylinux_2_17_x86_64.manylinux2014_x86_64.whl", hash = "sha256:715c543cf450c4888251f91c52f1942a800541d9bddd7ac060aa4e6b77ae7cba", size = 11455931, upload-time = "2026-05-21T14:34:57.276Z" },
    { url = "https://files.pythonhosted.org/packages/2c/4a/e2e7b4d8dbf233d4eace59c75bc3435fa6d8bd3bae82d351d4e4300c0fd1/ruff-0.15.14-py3-none-manylinux_2_31_riscv64.whl", hash = "sha256:72ebab6013ec887d439d8b7593737a0a4ffb06d45d209d4e4bf2e92813082d3f", size = 11400794, upload-time = "2026-05-21T14:34:39.773Z" },
    { url = "https://files.pythonhosted.org/packages/97/c7/83c0539fe34c3e09136204d1e75d6052492364e0b3cb05e9465423f567d7/ruff-0.15.14-py3-none-musllinux_1_2_aarch64.whl", hash = "sha256:49072d36abdbe97a8dd7f480afe9c675699c0c495d4c84076e2c1203c4550581", size = 10804759, upload-time = "2026-05-21T14:34:31.045Z" },
    { url = "https://files.pythonhosted.org/packages/86/a6/18f2bfc095a2ab4a78745644e428205532ce6653a5d0fa8501572891534d/ruff-0.15.14-py3-none-musllinux_1_2_armv7l.whl", hash = "sha256:958522aee105068640c2c2ceae08f413ae44d922f52a1374ac13d6a96032fc93", size = 10539517, upload-time = "2026-05-21T14:34:53.064Z" },
    { url = "https://files.pythonhosted.org/packages/54/3a/5a8b3b69c654d4e4bf1d246ac5b49cbcdac6eaab6905925f8915f31e3b80/ruff-0.15.14-py3-none-musllinux_1_2_i686.whl", hash = "sha256:f3707da619a143a2e8830e2abab8224478d69ace2d28cb6c20543ae97c36bf61", size = 11065169, upload-time = "2026-05-21T14:34:24.484Z" },
    { url = "https://files.pythonhosted.org/packages/ed/c5/8864e4e7925b836ea354b31d57641ec03830564e281a8b6f061f8c3e0ec1/ruff-0.15.14-py3-none-musllinux_1_2_x86_64.whl", hash = "sha256:bb01d645694e3ec0102105d07ef2d53703970407d59c04e59d3ba0b7a1d53553", size = 11560214, upload-time = "2026-05-21T14:34:50.975Z" },
    { url = "https://files.pythonhosted.org/packages/36/38/012bf76752e1f89ed50b77b99532d90f3a3e287bc7918e1fc0948ac866ac/ruff-0.15.14-py3-none-win32.whl", hash = "sha256:6d0c1ad2a0ab718d39b6d8fd2217981ce4d625cd96a720095f798fb47d8b13e6", size = 10805548, upload-time = "2026-05-21T14:34:33.453Z" },
    { url = "https://files.pythonhosted.org/packages/d1/b7/4ea2c170f10ad760fff2a5250beb18897719dc8b52b53a24cddbb9dd3f19/ruff-0.15.14-py3-none-win_amd64.whl", hash = "sha256:802342981e056db3851a7836e5b070f8f15f67d4a685ae2a6160939d364b2902", size = 11939523, upload-time = "2026-05-21T14:34:18.077Z" },
    { url = "https://files.pythonhosted.org/packages/62/d5/bc97ff895ec35cf3925d4bd60f3b39d822f377a446906ec9bcc87405e59b/ruff-0.15.14-py3-none-win_arm64.whl", hash = "sha256:ff47b90a9ef6a40c9e2f3b479c1fb78531adf055b94c1eba0a7ba04b31951826", size = 11208607, upload-time = "2026-05-21T14:34:26.525Z" },
]

[[package]]
name = "setuptools"
version = "82.0.1"
source = { registry = "https://pypi.org/simple" }
sdist = { url = "https://files.pythonhosted.org/packages/4f/db/cfac1baf10650ab4d1c111714410d2fbb77ac5a616db26775db562c8fab2/setuptools-82.0.1.tar.gz", hash = "sha256:7d872682c5d01cfde07da7bccc7b65469d3dca203318515ada1de5eda35efbf9", size = 1152316, upload-time = "2026-03-09T12:47:17.221Z" }
wheels = [
    { url = "https://files.pythonhosted.org/packages/9d/76/f789f7a86709c6b087c5a2f52f911838cad707cc613162401badc665acfe/setuptools-82.0.1-py3-none-any.whl", hash = "sha256:a59e362652f08dcd477c78bb6e7bd9d80a7995bc73ce773050228a348ce2e5bb", size = 1006223, upload-time = "2026-03-09T12:47:15.026Z" },
]

[[package]]
name = "trading-bot-python-workspace"
version = "0.1.0"
source = { virtual = "." }

[package.dev-dependencies]
dev = [
    { name = "uv" },
]

[package.metadata]

[package.metadata.requires-dev]
dev = [{ name = "uv", specifier = "==0.11.16" }]

[[package]]
name = "trading-common-python"
version = "0.1.0"
source = { editable = "libs/common-python" }
dependencies = [
    { name = "grpcio" },
    { name = "protobuf" },
]

[package.dev-dependencies]
dev = [
    { name = "grpcio-tools" },
    { name = "mypy" },
    { name = "pytest" },
    { name = "ruff" },
]

[package.metadata]
requires-dist = [
    { name = "grpcio", specifier = "==1.80.0" },
    { name = "protobuf", specifier = "==6.33.6" },
]

[package.metadata.requires-dev]
dev = [
    { name = "grpcio-tools", specifier = "==1.80.0" },
    { name = "mypy", specifier = "==1.20.2" },
    { name = "pytest", specifier = "==9.0.3" },
    { name = "ruff", specifier = "==0.15.14" },
]

[[package]]
name = "typing-extensions"
version = "4.15.0"
source = { registry = "https://pypi.org/simple" }
sdist = { url = "https://files.pythonhosted.org/packages/72/94/1a15dd82efb362ac84269196e94cf00f187f7ed21c242792a923cdb1c61f/typing_extensions-4.15.0.tar.gz", hash = "sha256:0cea48d173cc12fa28ecabc3b837ea3cf6f38c6d1136f85cbaaf598984861466", size = 109391, upload-time = "2025-08-25T13:49:26.313Z" }
wheels = [
    { url = "https://files.pythonhosted.org/packages/18/67/36e9267722cc04a6b9f15c7f3441c2363321a3ea07da7ae0c0707beb2a9c/typing_extensions-4.15.0-py3-none-any.whl", hash = "sha256:f0fa19c6845758ab08074a0cfa8b7aecb71c999ca73d62883bc25cc018c4e548", size = 44614, upload-time = "2025-08-25T13:49:24.86Z" },
]

[[package]]
name = "uv"
version = "0.11.16"
source = { registry = "https://pypi.org/simple" }
sdist = { url = "https://files.pythonhosted.org/packages/a1/99/025154611a4bd97a23851574c15d73bb71ada09d35f092d6972f9ac87f70/uv-0.11.16.tar.gz", hash = "sha256:4b435fcb0af8f34833dcc1903a8a223856437efd0d515c2160a2871def221238", size = 4177038, upload-time = "2026-05-21T22:10:01.009Z" }
wheels = [
    { url = "https://files.pythonhosted.org/packages/55/e3/8b8cfc802bc476c67e31a39725538193265cf3a19585b4a60c232659f919/uv-0.11.16-py3-none-linux_armv6l.whl", hash = "sha256:c9e9d9cb73ee8cd2ad696dbf1bc3232abaac363270557684b6b85a2bdb8eb276", size = 23508087, upload-time = "2026-05-21T22:10:06.227Z" },
    { url = "https://files.pythonhosted.org/packages/45/78/d5ca91c636ac88e902b6b3ff31ad32d2d02663232d844aff871467a323d2/uv-0.11.16-py3-none-macosx_10_12_x86_64.whl", hash = "sha256:01172238a75e42a5a55d12555cd9ec98bee24249f3645b98a4b32eb5f1ff5e43", size = 23028989, upload-time = "2026-05-21T22:09:50.127Z" },
    { url = "https://files.pythonhosted.org/packages/c7/26/c84580dfec5a87c36fb1218eac17c5194fa3e58e2a9232cf085d69eb6bed/uv-0.11.16-py3-none-macosx_11_0_arm64.whl", hash = "sha256:c75f9b5bac49b97131973910c220feac60fe47b10a333941b237ff0ae4b36721", size = 21572023, upload-time = "2026-05-21T22:09:58.703Z" },
    { url = "https://files.pythonhosted.org/packages/84/68/ba2bdc64fea96ef8c9796a991f244541b65bb9d31c661b322cc724857a4e/uv-0.11.16-py3-none-manylinux_2_17_aarch64.manylinux2014_aarch64.musllinux_1_1_aarch64.whl", hash = "sha256:a801484f4507b6c2133e557350f3143b61b8f8b61dddb01ff7b84a74cdfab1fb", size = 23289936, upload-time = "2026-05-21T22:10:15.423Z" },
    { url = "https://files.pythonhosted.org/packages/c9/81/74922f693d5804a77d009338ca8dc709eff871fb60d9f2c263dede8d77d1/uv-0.11.16-py3-none-manylinux_2_17_armv7l.manylinux2014_armv7l.musllinux_1_1_armv7l.whl", hash = "sha256:eb538069e768b042cf870be700a210518ce628e36d99d9a83b85acaf484d7f6a", size = 23020906, upload-time = "2026-05-21T22:10:24.242Z" },
    { url = "https://files.pythonhosted.org/packages/60/81/cda8886f5df4dd28854a9b97bcc3ee6a7d1b5b5b23aaaccfbf1ed3e5e2bf/uv-0.11.16-py3-none-manylinux_2_17_armv7l.manylinux2014_armv7l.whl", hash = "sha256:d7cdb23457a4d1bc76bf1016638ea1d1ada0e8e032f656168e933d4d17c47e72", size = 23004220, upload-time = "2026-05-21T22:10:32.847Z" },
    { url = "https://files.pythonhosted.org/packages/98/7c/65837e07de23f0a40ab860bc6601f7c022d4bcf4b97ca79b6c35a2e72e65/uv-0.11.16-py3-none-manylinux_2_17_i686.manylinux2014_i686.whl", hash = "sha256:451327388d59ac3041cbda474296f3ceeafac5b1f645476198e7b95f504fcfd5", size = 24319651, upload-time = "2026-05-21T22:10:21.492Z" },
    { url = "https://files.pythonhosted.org/packages/85/70/9d364542bf118433b60ed71422e47d2c8c470aca7d3aef0df9449a5f726a/uv-0.11.16-py3-none-manylinux_2_17_ppc64le.manylinux2014_ppc64le.whl", hash = "sha256:e7992b8276149b3ffaf35ce9434702d3e16bae6ec393e99df209b870a7e19eb0", size = 25359517, upload-time = "2026-05-21T22:09:46.519Z" },
    { url = "https://files.pythonhosted.org/packages/99/b4/650896e8cff5a3289cee860c41fd9876da83ca628c5871f9a61d5fc75c72/uv-0.11.16-py3-none-manylinux_2_17_s390x.manylinux2014_s390x.whl", hash = "sha256:83a8db9b3314d900e7a240105afce43f806c9e04c59ea10a40bdbdca84c6d0c5", size = 24563421, upload-time = "2026-05-21T22:10:35.82Z" },
    { url = "https://files.pythonhosted.org/packages/b1/7d/184711a8c02466e1486d57efdc9394ce09cbf43ee2c5794da70bd25db3fb/uv-0.11.16-py3-none-manylinux_2_17_x86_64.manylinux2014_x86_64.whl", hash = "sha256:9b10086165189c39c53142a0e2f34e0b8889ef681886f589ed17be45a1a774c7", size = 24676607, upload-time = "2026-05-21T22:10:39.784Z" },
    { url = "https://files.pythonhosted.org/packages/ee/3f/5b338df6505f77f73c20eae38cb29f57d14dba56dac835386e3dc6e2a5d6/uv-0.11.16-py3-none-manylinux_2_28_aarch64.whl", hash = "sha256:cfe1f06fb8f135a735a961065d5ee90f99cccf41749fb1f964edb5b3c3dae19b", size = 23401615, upload-time = "2026-05-21T22:10:30.124Z" },
    { url = "https://files.pythonhosted.org/packages/b6/f9/54bbcbc77443dc76468f09a49cc9f4f92ca49b4159a011c6010d223de4ea/uv-0.11.16-py3-none-manylinux_2_31_riscv64.musllinux_1_1_riscv64.whl", hash = "sha256:2454f80d8b548fb2e246151578809b14ad4395b3f357d738bae1af11918e91af", size = 24104468, upload-time = "2026-05-21T22:09:53.323Z" },
    { url = "https://files.pythonhosted.org/packages/3e/0a/b5f105514fddea5110fe3947cd18a9f199ff93dbad78e5e5a08e1b5d0ea2/uv-0.11.16-py3-none-manylinux_2_31_riscv64.whl", hash = "sha256:4249d57a563165d368050680deeb722f9c0053a0dbf3244b11cca3e6d85a3c7d", size = 24164861, upload-time = "2026-05-21T22:10:09.458Z" },
    { url = "https://files.pythonhosted.org/packages/f6/01/15d4ca2be7257862b077a9077ac31ce81c419f35ef7994e76356a317716b/uv-0.11.16-py3-none-musllinux_1_1_i686.whl", hash = "sha256:374c30126483ce95675c5de49e54c2454ddedb01c17b8321417fe4eb9da83406", size = 23644919, upload-time = "2026-05-21T22:10:03.129Z" },
    { url = "https://files.pythonhosted.org/packages/49/bf/9de3e262e6ff93aec2e0a4c238857293fd2c616dd79f25bb440f126bf32c/uv-0.11.16-py3-none-musllinux_1_1_x86_64.whl", hash = "sha256:746edfc9d1d8cd03dd58739989f634d3580648048d09f81a9c68da74c4eb9d62", size = 24973746, upload-time = "2026-05-21T22:10:18.413Z" },
    { url = "https://files.pythonhosted.org/packages/f6/7d/f4126dce104f1b5d0b451ce3ca41c4db69b963c2e78c3465fcda6440de31/uv-0.11.16-py3-none-win32.whl", hash = "sha256:50299b20aab2d28c05ff27d781ce2af3f5af2102bc304dc07a4ad54b05e2af8a", size = 22400991, upload-time = "2026-05-21T22:10:27.119Z" },
    { url = "https://files.pythonhosted.org/packages/8f/38/99627cb995a03389b227ce4b12b08e770565d0aa7850cd0420973194a638/uv-0.11.16-py3-none-win_amd64.whl", hash = "sha256:e901aafa5007beffafe57bfa44e5e248d99fb5d97036a3718fd65cf9723c5cd3", size = 25067163, upload-time = "2026-05-21T22:10:12.317Z" },
    { url = "https://files.pythonhosted.org/packages/b6/68/3ed1c0bdfb4bec501e5cde73419b4f39c8a125ef905a85fc0f239f19eb9b/uv-0.11.16-py3-none-win_arm64.whl", hash = "sha256:d777cb29661cdfa7f90dae77406c85fb5b729bf8bc13941dc237958a1ea1ba00", size = 23502015, upload-time = "2026-05-21T22:09:56.014Z" },
]
